
Microsoft Visual Studio Solution File, Format Version 12.00
# Visual Studio Version 17
VisualStudioVersion = 17.14.36203.30 d17.14
MinimumVisualStudioVersion = 10.0.40219.1
Project("{FAE04EC0-301F-11D3-BF4B-00C04F79EFBC}") = "PigDieGame", "PigDieGame\PigDieGame.csproj", "{9D882E71-8F07-4E72-B4C8-CC90BA08129C}"
EndProject
Global
	GlobalSection(SolutionConfigurationPlatforms) = preSolution
		Debug|Any CPU = Debug|Any CPU
		Release|Any CPU = Release|Any CPU
	EndGlobalSection
	GlobalSection(ProjectConfigurationPlatforms) = postSolution
		{9D882E71-8F07-4E72-B4C8-CC90BA08129C}.Debug|Any CPU.ActiveCfg = Debug|Any CPU
		{9D882E71-8F07-4E72-B4C8-CC90BA08129C}.Debug|Any CPU.Build.0 = Debug|Any CPU
		{9D882E71-8F07-4E72-B4C8-CC90BA08129C}.Release|Any CPU.ActiveCfg = Release|Any CPU
		{9D882E71-8F07-4E72-B4C8-CC90BA08129C}.Release|Any CPU.Build.0 = Release|Any CPU
	EndGlobalSection
	GlobalSection(SolutionProperties) = preSolution
		HideSolutionNode = FALSE
	EndGlobalSection
	GlobalSection(ExtensibilityGlobals) = postSolution
		SolutionGuid = {F6804B07-70AB-42FD-92C4-7836B95C4731}
	EndGlobalSection
EndGlobal
